Microsoft Visual Studio Solution File, Format Version 12.00
# Visual Studio 16
Project("{8BC9CEB8-8B4A-11D0-8D11-00A0C91BC942}") = "ALL_BUILD", "ALL_BUILD.vcxproj", "{358632DF-67EA-3396-9279-78CE866C5771}"
	ProjectSection(ProjectDependencies) = postProject
		{107241DB-4223-33EC-B88B-901039F6E2EA} = {107241DB-4223-33EC-B88B-901039F6E2EA}
		{86261F83-2F09-3675-B07C-82438ED0CC76} = {86261F83-2F09-3675-B07C-82438ED0CC76}
	EndProjectSection
EndProject
Project("{8BC9CEB8-8B4A-11D0-8D11-00A0C91BC942}") = "Paint", "src\Paint.vcxproj", "{107241DB-4223-33EC-B88B-901039F6E2EA}"
	ProjectSection(ProjectDependencies) = postProject
		{86261F83-2F09-3675-B07C-82438ED0CC76} = {86261F83-2F09-3675-B07C-82438ED0CC76}
	EndProjectSection
EndProject
Project("{8BC9CEB8-8B4A-11D0-8D11-00A0C91BC942}") = "ZERO_CHECK", "ZERO_CHECK.vcxproj", "{86261F83-2F09-3675-B07C-82438ED0CC76}"
	ProjectSection(ProjectDependencies) = postProject
	EndProjectSection
EndProject
Global
	GlobalSection(SolutionConfigurationPlatforms) = preSolution
		Debug|win32 = Debug|win32
		Release|win32 = Release|win32
		MinSizeRel|win32 = MinSizeRel|win32
		RelWithDebInfo|win32 = RelWithDebInfo|win32
	EndGlobalSection
	GlobalSection(ProjectConfigurationPlatforms) = postSolution
		{358632DF-67EA-3396-9279-78CE866C5771}.Debug|win32.ActiveCfg = Debug|win32
		{358632DF-67EA-3396-9279-78CE866C5771}.Release|win32.ActiveCfg = Release|win32
		{358632DF-67EA-3396-9279-78CE866C5771}.MinSizeRel|win32.ActiveCfg = MinSizeRel|win32
		{358632DF-67EA-3396-9279-78CE866C5771}.RelWithDebInfo|win32.ActiveCfg = RelWithDebInfo|win32
		{107241DB-4223-33EC-B88B-901039F6E2EA}.Debug|win32.ActiveCfg = Debug|win32
		{107241DB-4223-33EC-B88B-901039F6E2EA}.Debug|win32.Build.0 = Debug|win32
		{107241DB-4223-33EC-B88B-901039F6E2EA}.Release|win32.ActiveCfg = Release|win32
		{107241DB-4223-33EC-B88B-901039F6E2EA}.Release|win32.Build.0 = Release|win32
		{107241DB-4223-33EC-B88B-901039F6E2EA}.MinSizeRel|win32.ActiveCfg = MinSizeRel|win32
		{107241DB-4223-33EC-B88B-901039F6E2EA}.MinSizeRel|win32.Build.0 = MinSizeRel|win32
		{107241DB-4223-33EC-B88B-901039F6E2EA}.RelWithDebInfo|win32.ActiveCfg = RelWithDebInfo|win32
		{107241DB-4223-33EC-B88B-901039F6E2EA}.RelWithDebInfo|win32.Build.0 = RelWithDebInfo|win32
		{86261F83-2F09-3675-B07C-82438ED0CC76}.Debug|win32.ActiveCfg = Debug|win32
		{86261F83-2F09-3675-B07C-82438ED0CC76}.Debug|win32.Build.0 = Debug|win32
		{86261F83-2F09-3675-B07C-82438ED0CC76}.Release|win32.ActiveCfg = Release|win32
		{86261F83-2F09-3675-B07C-82438ED0CC76}.Release|win32.Build.0 = Release|win32
		{86261F83-2F09-3675-B07C-82438ED0CC76}.MinSizeRel|win32.ActiveCfg = MinSizeRel|win32
		{86261F83-2F09-3675-B07C-82438ED0CC76}.MinSizeRel|win32.Build.0 = MinSizeRel|win32
		{86261F83-2F09-3675-B07C-82438ED0CC76}.RelWithDebInfo|win32.ActiveCfg = RelWithDebInfo|win32
		{86261F83-2F09-3675-B07C-82438ED0CC76}.RelWithDebInfo|win32.Build.0 = RelWithDebInfo|win32
	EndGlobalSection
	GlobalSection(ExtensibilityGlobals) = postSolution
		SolutionGuid = {500B3E52-7FB8-3CEE-9106-0EE57F8135D6}
	EndGlobalSection
	GlobalSection(ExtensibilityAddIns) = postSolution
	EndGlobalSection
EndGlobal
