<?xml version="1.0" encoding="utf-8"?>
<Project ToolsVersion="16.0" xmlns="http://schemas.microsoft.com/developer/msbuild/2003">
  <ItemGroup>
    <CustomBuild Include="C:\dev\2dGraphics\build-vscode\CMakeFiles\23fc955bbae38feb9abe5893482c973c\generate.stamp.rule">
      <Filter>CMake Rules</Filter>
    </CustomBuild>
  </ItemGroup>
  <ItemGroup>
    <Filter Include="CMake Rules">
      <UniqueIdentifier>{B4D33819-EE53-3E7E-8439-217334B56E9D}</UniqueIdentifier>
    </Filter>
  </ItemGroup>
</Project>
